
Microsoft Visual Studio Solution File, Format Version 12.00
# Visual Studio Version 17
VisualStudioVersion = 17.1.32407.343
MinimumVisualStudioVersion = 10.0.40219.1
Project("{2150E333-8FDC-42A3-9474-1A3956D46DE8}") = "System", "System", "{1E6CAB32-A8AF-4FDF-A173-7C19FB479C46}"
EndProject
Project("{2150E333-8FDC-42A3-9474-1A3956D46DE8}") = "Api", "Api", "{7A37DE06-E3D7-4C69-A2CA-2EE9B552C4E7}"
EndProject
Project("{2150E333-8FDC-42A3-9474-1A3956D46DE8}") = "Identity", "Identity", "{D989ED79-D7E5-4451-B194-DF201E0A6B98}"
EndProject
Project("{9A19103F-16F7-4668-BE54-9A1E7A4F7556}") = "Api", "Systems\Api\Api.csproj", "{4DAB0BAD-7F78-43B1-A839-83AF97384650}"
EndProject
Project("{9A19103F-16F7-4668-BE54-9A1E7A4F7556}") = "Identity", "Systems\Identity\Identity.csproj", "{3BC0A793-EA60-417A-B47E-A57EE149B3E8}"
EndProject
Project("{E53339B2-1760-4266-BCC7-CA923CBCF16C}") = "docker-compose", "docker-compose.dcproj", "{DD107035-15D1-416D-B00E-8CF258AD8C52}"
EndProject
Project("{2150E333-8FDC-42A3-9474-1A3956D46DE8}") = "Services", "Services", "{BB54BC2C-41C0-4025-9BDF-F2CF4CEF85F4}"
EndProject
Project("{9A19103F-16F7-4668-BE54-9A1E7A4F7556}") = "Settings", "Services\Settings\Settings.csproj", "{39180654-60A1-4E13-8CD8-AD73497F6076}"
EndProject
Project("{2150E333-8FDC-42A3-9474-1A3956D46DE8}") = "Data", "Data", "{08C59F84-A79B-4BFA-AC40-5EC7DEF162CE}"
EndProject
Project("{9A19103F-16F7-4668-BE54-9A1E7A4F7556}") = "CheckListDbContext", "Data\MainDbContext\CheckListDbContext.csproj", "{30404F98-B5BB-4C36-8F15-565B953424C0}"
EndProject
Project("{9A19103F-16F7-4668-BE54-9A1E7A4F7556}") = "DbEntities", "Data\DbEntities\DbEntities.csproj", "{64B32933-A36A-4722-BE23-4D4E15182753}"
EndProject
Project("{2150E333-8FDC-42A3-9474-1A3956D46DE8}") = "Shared", "Shared", "{C4F0EF85-2C0E-44B9-B3EA-15AF71DF372C}"
EndProject
Project("{FAE04EC0-301F-11D3-BF4B-00C04F79EFBC}") = "Common", "Shared\Common\Common.csproj", "{B72BB6CC-6AC7-4184-9152-4DA47DA02C2F}"
EndProject
Global
	GlobalSection(SolutionConfigurationPlatforms) = preSolution
		Debug|Any CPU = Debug|Any CPU
		Release|Any CPU = Release|Any CPU
	EndGlobalSection
	GlobalSection(ProjectConfigurationPlatforms) = postSolution
		{4DAB0BAD-7F78-43B1-A839-83AF97384650}.Debug|Any CPU.ActiveCfg = Debug|Any CPU
		{4DAB0BAD-7F78-43B1-A839-83AF97384650}.Debug|Any CPU.Build.0 = Debug|Any CPU
		{4DAB0BAD-7F78-43B1-A839-83AF97384650}.Release|Any CPU.ActiveCfg = Release|Any CPU
		{4DAB0BAD-7F78-43B1-A839-83AF97384650}.Release|Any CPU.Build.0 = Release|Any CPU
		{3BC0A793-EA60-417A-B47E-A57EE149B3E8}.Debug|Any CPU.ActiveCfg = Debug|Any CPU
		{3BC0A793-EA60-417A-B47E-A57EE149B3E8}.Debug|Any CPU.Build.0 = Debug|Any CPU
		{3BC0A793-EA60-417A-B47E-A57EE149B3E8}.Release|Any CPU.ActiveCfg = Release|Any CPU
		{3BC0A793-EA60-417A-B47E-A57EE149B3E8}.Release|Any CPU.Build.0 = Release|Any CPU
		{DD107035-15D1-416D-B00E-8CF258AD8C52}.Debug|Any CPU.ActiveCfg = Debug|Any CPU
		{DD107035-15D1-416D-B00E-8CF258AD8C52}.Debug|Any CPU.Build.0 = Debug|Any CPU
		{DD107035-15D1-416D-B00E-8CF258AD8C52}.Release|Any CPU.ActiveCfg = Release|Any CPU
		{DD107035-15D1-416D-B00E-8CF258AD8C52}.Release|Any CPU.Build.0 = Release|Any CPU
		{39180654-60A1-4E13-8CD8-AD73497F6076}.Debug|Any CPU.ActiveCfg = Debug|Any CPU
		{39180654-60A1-4E13-8CD8-AD73497F6076}.Debug|Any CPU.Build.0 = Debug|Any CPU
		{39180654-60A1-4E13-8CD8-AD73497F6076}.Release|Any CPU.ActiveCfg = Release|Any CPU
		{39180654-60A1-4E13-8CD8-AD73497F6076}.Release|Any CPU.Build.0 = Release|Any CPU
		{30404F98-B5BB-4C36-8F15-565B953424C0}.Debug|Any CPU.ActiveCfg = Debug|Any CPU
		{30404F98-B5BB-4C36-8F15-565B953424C0}.Debug|Any CPU.Build.0 = Debug|Any CPU
		{30404F98-B5BB-4C36-8F15-565B953424C0}.Release|Any CPU.ActiveCfg = Release|Any CPU
		{30404F98-B5BB-4C36-8F15-565B953424C0}.Release|Any CPU.Build.0 = Release|Any CPU
		{64B32933-A36A-4722-BE23-4D4E15182753}.Debug|Any CPU.ActiveCfg = Debug|Any CPU
		{64B32933-A36A-4722-BE23-4D4E15182753}.Debug|Any CPU.Build.0 = Debug|Any CPU
		{64B32933-A36A-4722-BE23-4D4E15182753}.Release|Any CPU.ActiveCfg = Release|Any CPU
		{64B32933-A36A-4722-BE23-4D4E15182753}.Release|Any CPU.Build.0 = Release|Any CPU
		{B72BB6CC-6AC7-4184-9152-4DA47DA02C2F}.Debug|Any CPU.ActiveCfg = Debug|Any CPU
		{B72BB6CC-6AC7-4184-9152-4DA47DA02C2F}.Debug|Any CPU.Build.0 = Debug|Any CPU
		{B72BB6CC-6AC7-4184-9152-4DA47DA02C2F}.Release|Any CPU.ActiveCfg = Release|Any CPU
		{B72BB6CC-6AC7-4184-9152-4DA47DA02C2F}.Release|Any CPU.Build.0 = Release|Any CPU
	EndGlobalSection
	GlobalSection(SolutionProperties) = preSolution
		HideSolutionNode = FALSE
	EndGlobalSection
	GlobalSection(NestedProjects) = preSolution
		{7A37DE06-E3D7-4C69-A2CA-2EE9B552C4E7} = {1E6CAB32-A8AF-4FDF-A173-7C19FB479C46}
		{D989ED79-D7E5-4451-B194-DF201E0A6B98} = {1E6CAB32-A8AF-4FDF-A173-7C19FB479C46}
		{4DAB0BAD-7F78-43B1-A839-83AF97384650} = {7A37DE06-E3D7-4C69-A2CA-2EE9B552C4E7}
		{3BC0A793-EA60-417A-B47E-A57EE149B3E8} = {D989ED79-D7E5-4451-B194-DF201E0A6B98}
		{39180654-60A1-4E13-8CD8-AD73497F6076} = {BB54BC2C-41C0-4025-9BDF-F2CF4CEF85F4}
		{30404F98-B5BB-4C36-8F15-565B953424C0} = {08C59F84-A79B-4BFA-AC40-5EC7DEF162CE}
		{64B32933-A36A-4722-BE23-4D4E15182753} = {08C59F84-A79B-4BFA-AC40-5EC7DEF162CE}
		{B72BB6CC-6AC7-4184-9152-4DA47DA02C2F} = {C4F0EF85-2C0E-44B9-B3EA-15AF71DF372C}
	EndGlobalSection
	GlobalSection(ExtensibilityGlobals) = postSolution
		SolutionGuid = {971950C1-4F5D-4C2A-8992-AE3E7BCD31AF}
	EndGlobalSection
EndGlobal
